
Microsoft Visual Studio Solution File, Format Version 12.00
# Visual Studio Version 17
VisualStudioVersion = 17.5.002.0
MinimumVisualStudioVersion = 10.0.40219.1
Project("{9A19103F-16F7-4668-BE54-9A1E7A4F7556}") = "CSharpProjectSOAP", "CSharpProjectSOAP.csproj", "{8400DDEE-8445-4164-824A-261736ECDD77}"
EndProject
Global
	GlobalSection(SolutionConfigurationPlatforms) = preSolution
		Debug|Any CPU = Debug|Any CPU
		Release|Any CPU = Release|Any CPU
	EndGlobalSection
	GlobalSection(ProjectConfigurationPlatforms) = postSolution
		{8400DDEE-8445-4164-824A-261736ECDD77}.Debug|Any CPU.ActiveCfg = Debug|Any CPU
		{8400DDEE-8445-4164-824A-261736ECDD77}.Debug|Any CPU.Build.0 = Debug|Any CPU
		{8400DDEE-8445-4164-824A-261736ECDD77}.Release|Any CPU.ActiveCfg = Release|Any CPU
		{8400DDEE-8445-4164-824A-261736ECDD77}.Release|Any CPU.Build.0 = Release|Any CPU
	EndGlobalSection
	GlobalSection(SolutionProperties) = preSolution
		HideSolutionNode = FALSE
	EndGlobalSection
	GlobalSection(ExtensibilityGlobals) = postSolution
		SolutionGuid = {44E3B461-53B6-4729-A7DB-42316F1D9ACB}
	EndGlobalSection
EndGlobal
