
Microsoft Visual Studio Solution File, Format Version 12.00
# Visual Studio Version 17
VisualStudioVersion = 17.10.35122.118
MinimumVisualStudioVersion = 10.0.40219.1
Project("{FAE04EC0-301F-11D3-BF4B-00C04F79EFBC}") = "SOAP-Coffee-mobile-store", "SOAP-Coffee-mobile-store.csproj", "{C51C9EEF-FB54-4EC8-9C82-4877169183B6}"
EndProject
Global
	GlobalSection(SolutionConfigurationPlatforms) = preSolution
		Debug|Any CPU = Debug|Any CPU
		Release|Any CPU = Release|Any CPU
	EndGlobalSection
	GlobalSection(ProjectConfigurationPlatforms) = postSolution
		{C51C9EEF-FB54-4EC8-9C82-4877169183B6}.Debug|Any CPU.ActiveCfg = Debug|Any CPU
		{C51C9EEF-FB54-4EC8-9C82-4877169183B6}.Debug|Any CPU.Build.0 = Debug|Any CPU
		{C51C9EEF-FB54-4EC8-9C82-4877169183B6}.Release|Any CPU.ActiveCfg = Release|Any CPU
		{C51C9EEF-FB54-4EC8-9C82-4877169183B6}.Release|Any CPU.Build.0 = Release|Any CPU
	EndGlobalSection
	GlobalSection(SolutionProperties) = preSolution
		HideSolutionNode = FALSE
	EndGlobalSection
	GlobalSection(ExtensibilityGlobals) = postSolution
		SolutionGuid = {F7AAD928-FA2C-4C2F-AAC7-41019C6B170D}
	EndGlobalSection
EndGlobal
